
Microsoft Visual Studio Solution File, Format Version 12.00
# Visual Studio Version 17
VisualStudioVersion = 17.8.34322.80
MinimumVisualStudioVersion = 10.0.40219.1
Project("{9A19103F-16F7-4668-BE54-9A1E7A4F7556}") = "DigiteerTechnical2", "DigiteerTechnical2\DigiteerTechnical2.csproj", "{22D344D5-A940-4196-BD48-13034B67CE7A}"
EndProject
Project("{FAE04EC0-301F-11D3-BF4B-00C04F79EFBC}") = "RainfallTest", "RainfallTest\RainfallTest.csproj", "{EAFF733B-BE6B-4ADE-B38B-090CED3A2649}"
EndProject
Global
	GlobalSection(SolutionConfigurationPlatforms) = preSolution
		Debug|Any CPU = Debug|Any CPU
		Release|Any CPU = Release|Any CPU
	EndGlobalSection
	GlobalSection(ProjectConfigurationPlatforms) = postSolution
		{22D344D5-A940-4196-BD48-13034B67CE7A}.Debug|Any CPU.ActiveCfg = Debug|Any CPU
		{22D344D5-A940-4196-BD48-13034B67CE7A}.Debug|Any CPU.Build.0 = Debug|Any CPU
		{22D344D5-A940-4196-BD48-13034B67CE7A}.Release|Any CPU.ActiveCfg = Release|Any CPU
		{22D344D5-A940-4196-BD48-13034B67CE7A}.Release|Any CPU.Build.0 = Release|Any CPU
		{EAFF733B-BE6B-4ADE-B38B-090CED3A2649}.Debug|Any CPU.ActiveCfg = Debug|Any CPU
		{EAFF733B-BE6B-4ADE-B38B-090CED3A2649}.Debug|Any CPU.Build.0 = Debug|Any CPU
		{EAFF733B-BE6B-4ADE-B38B-090CED3A2649}.Release|Any CPU.ActiveCfg = Release|Any CPU
		{EAFF733B-BE6B-4ADE-B38B-090CED3A2649}.Release|Any CPU.Build.0 = Release|Any CPU
	EndGlobalSection
	GlobalSection(SolutionProperties) = preSolution
		HideSolutionNode = FALSE
	EndGlobalSection
	GlobalSection(ExtensibilityGlobals) = postSolution
		SolutionGuid = {21A93EAE-5F71-4F4F-938F-3F5BAE67B8DA}
	EndGlobalSection
EndGlobal
